# This file is automatically @generated by Poetry 1.8.3 and should not be changed by hand.

[[package]]
name = "asgiref"
version = "3.8.1"
description = "ASGI specs, helper code, and adapters"
optional = false
python-versions = ">=3.8"
files = [
    {file = "asgiref-3.8.1-py3-none-any.whl", hash = "sha256:3e1e3ecc849832fe52ccf2cb6686b7a55f82bb1d6aee72a58826471390335e47"},
    {file = "asgiref-3.8.1.tar.gz", hash = "sha256:c343bd80a0bec947a9860adb4c432ffa7db769836c64238fc34bdc3fec84d590"},
]

[package.extras]
tests = ["mypy (>=0.800)", "pytest", "pytest-asyncio"]

[[package]]
name = "django"
version = "5.1.1"
description = "A high-level Python web framework that encourages rapid development and clean, pragmatic design."
optional = false
python-versions = ">=3.10"
files = [
    {file = "Django-5.1.1-py3-none-any.whl", hash = "sha256:71603f27dac22a6533fb38d83072eea9ddb4017fead6f67f2562a40402d61c3f"},
    {file = "Django-5.1.1.tar.gz", hash = "sha256:021ffb7fdab3d2d388bc8c7c2434eb9c1f6f4d09e6119010bbb1694dda286bc2"},
]

[package.dependencies]
asgiref = ">=3.8.1,<4"
sqlparse = ">=0.3.1"
tzdata = {version = "*", markers = "sys_platform == \"win32\""}

[package.extras]
argon2 = ["argon2-cffi (>=19.1.0)"]
bcrypt = ["bcrypt"]

[[package]]
name = "django-types"
version = "0.19.1"
description = "Type stubs for Django"
optional = false
python-versions = ">=3.7,<4.0"
files = [
    {file = "django_types-0.19.1-py3-none-any.whl", hash = "sha256:b3f529de17f6374d41ca67232aa01330c531bbbaa3ac4097896f31ac33c96c30"},
    {file = "django_types-0.19.1.tar.gz", hash = "sha256:5ae7988612cf6fbc357b018bbc3b3a878b65e04275cc46e0d35d66a708daff12"},
]

[package.dependencies]
types-psycopg2 = ">=2.9.21.13"

[[package]]
name = "djangorestframework"
version = "3.15.2"
description = "Web APIs for Django, made easy."
optional = false
python-versions = ">=3.8"
files = [
    {file = "djangorestframework-3.15.2-py3-none-any.whl", hash = "sha256:2b8871b062ba1aefc2de01f773875441a961fefbf79f5eed1e32b2f096944b20"},
    {file = "djangorestframework-3.15.2.tar.gz", hash = "sha256:36fe88cd2d6c6bec23dca9804bab2ba5517a8bb9d8f47ebc68981b56840107ad"},
]

[package.dependencies]
django = ">=4.2"

[[package]]
name = "djangorestframework-types"
version = "0.8.0"
description = "Type stubs for Django Rest Framework"
optional = false
python-versions = ">=3.7,<4.0"
files = [
    {file = "djangorestframework-types-0.8.0.tar.gz", hash = "sha256:bed5dc8ce4f3500a4d29632e333262059e2218f2291c88313ce8443c24e50a76"},
    {file = "djangorestframework_types-0.8.0-py3-none-any.whl", hash = "sha256:5136212ec0df2c11d5ebcf217246f606e68f1d46a770419de84ed676bdab0113"},
]

[[package]]
name = "sqlparse"
version = "0.5.1"
description = "A non-validating SQL parser."
optional = false
python-versions = ">=3.8"
files = [
    {file = "sqlparse-0.5.1-py3-none-any.whl", hash = "sha256:773dcbf9a5ab44a090f3441e2180efe2560220203dc2f8c0b0fa141e18b505e4"},
    {file = "sqlparse-0.5.1.tar.gz", hash = "sha256:bb6b4df465655ef332548e24f08e205afc81b9ab86cb1c45657a7ff173a3a00e"},
]

[package.extras]
dev = ["build", "hatch"]
doc = ["sphinx"]

[[package]]
name = "types-psycopg2"
version = "2.9.21.20240819"
description = "Typing stubs for psycopg2"
optional = false
python-versions = ">=3.8"
files = [
    {file = "types-psycopg2-2.9.21.20240819.tar.gz", hash = "sha256:4ed6b47464d6374fa64e5e3b234cea0f710e72123a4596d67ab50b7415a84666"},
    {file = "types_psycopg2-2.9.21.20240819-py3-none-any.whl", hash = "sha256:c9192311c27d7ad561eef705f1b2df1074f2cdcf445a98a6a2fcaaaad43278cf"},
]

[[package]]
name = "tzdata"
version = "2024.1"
description = "Provider of IANA time zone data"
optional = false
python-versions = ">=2"
files = [
    {file = "tzdata-2024.1-py2.py3-none-any.whl", hash = "sha256:9068bc196136463f5245e51efda838afa15aaeca9903f49050dfa2679db4d252"},
    {file = "tzdata-2024.1.tar.gz", hash = "sha256:2674120f8d891909751c38abcdfd386ac0a5a1127954fbc332af6b5ceae07efd"},
]

[metadata]
lock-version = "2.0"
python-versions = "^3.11"
content-hash = "09b51a62860be1f7d5a9d6e4bccef18e0eb43525ef6ce8bef6b7cc3992dd95c7"
